%% THIS FILE IS GENERATED. DO NOT EDIT IT MANUALLY %%

{sub_dirs,["rel","apps/riak"]}.
{require_otp_vsn,"R16"}.
{cover_enabled,true}.
{lib_dirs,["apps/riak"]}.
{erl_opts,[debug_info,fail_on_warning]}.
{eunit_opts,[verbose]}.
{erlydtl_opts,[{compiler_options,[report,return,debug_info]}]}.
{deps,[{node_package,".*",
                     {git,"git://github.com/basho/node_package.git",
                          "e99a3c6876a5de9bdcec62d98a795af570642ff1"}},
       {goldrush,".*",
                 {git,"git://github.com/DeadZen/goldrush.git",
                      "71e63212f12c25827e0c1b4198d37d5d018a7fec"}},
       {lager,".*",
              {git,"git://github.com/basho/lager.git",
                   "b6b6cebcb27ccff8acc59ae775acebc2f52e4926"}},
       {syslog,".*",
               {git,"git://github.com/Vagabond/erlang-syslog.git",
                    "918c9b453e0811b24f2c99b35b712b0ef9f29c7e"}},
       {lager_syslog,".*",
                     {git,"git://github.com/basho/lager_syslog.git",
                          "fa2e7e3daee0d0a59dadb820fd3381eac4a65770"}},
       {cluster_info,".*",
                     {git,"git://github.com/basho/cluster_info.git",
                          "1fae829ea639c8fcfeeb080aad02da01ff49b218"}},
       {sidejob,".*",
                {git,"git://github.com/basho/sidejob.git",
                     "c5aabba2d7daa80c340e110902bbcfcb552ccdcf"}},
       {erlang_js,".*",
                  {git,"git://github.com/basho/erlang_js.git",
                       "07467d899ab90a2b719ad19ab0be0048c1c8d873"}},
       {meck,".*",
             {git,"git://github.com/basho/meck.git",
                  "2b25a30a8688f94106d07f23a9f1fb523ac00f08"}},
       {getopt,".*",
               {git,"git://github.com/jcomellas/getopt.git",
                    "659a28f4145bc9843598972854299dc4ea77e4cb"}},
       {neotoma,".*",
                {git,"git://github.com/seancribbs/neotoma.git",
                     "760928ec8870da02eb11bccb501e2700925d06c6"}},
       {cuttlefish,".*",
                   {git,"git://github.com/basho/cuttlefish.git",
                        "602a0c30ecbeea1c072fa793634a19d09d794566"}},
       {bitcask,".*",
                {git,"git://github.com/basho/bitcask.git",
                     "cd601aa77d882b7ed423ca4ebb94ec92286f83fc"}},
       {eper,".*",
             {git,"git://github.com/basho/eper.git",
                  "7222ecaebceb5422e74a9c1503043bbc6036f6b7"}},
       {edown,".*",
              {git,"git://github.com/esl/edown.git",
                   "4cb4ad67382590d92228ea6c56225376bd9f5685"}},
       {sext,".*",
             {git,"git://github.com/basho/sext.git",
                  "f53f1bd37c29e45dc788a5d8b4512c66511d4cb5"}},
       {poolboy,".*",
                {git,"git://github.com/basho/poolboy.git",
                     "84d836ab49da618d1e3fb3947207bf9b7fcea335"}},
       {basho_stats,".*",
                    {git,"git://github.com/basho/basho_stats.git",
                         "19c532af235ae675439d491b329c55c2f9b02deb"}},
       {riak_sysmon,".*",
                    {git,"git://github.com/basho/riak_sysmon.git",
                         "5373f8acd110fc091b0d0379aa45b51dd8a721b4"}},
       {bear,".*",
             {git,"git://github.com/basho/bear.git",
                  "da820a13c607c3f816ee8b83c587266da5389761"}},
       {folsom,".*",
               {git,"git://github.com/basho/folsom.git",
                    "e80bd013c8ea906c4f14cba38b92e95116415e23"}},
       {eleveldb,".*",
                 {git,"git://github.com/basho/eleveldb.git",
                      "6e0ff7292bf1d1f2ab20a4e9dacb100ba8c0290b"}},
       {riak_ensemble,".*",
                      {git,"git://github.com/basho/riak_ensemble",
                           "d66a102bb2bfc17a2697190e92dc9173475848ef"}},
       {pbkdf2,".*",
               {git,"git://github.com/basho/erlang-pbkdf2.git",
                    "7076584f5377e98600a7e2cb81980b2992fb2f71"}},
       {parse_trans,".*",
                    {git,"git://github.com/uwiger/parse_trans.git",
                         "82cc00264aa1bad8fc5c0739b7541feb4a843432"}},
       {setup,".*",
              {git,"git://github.com/uwiger/setup.git",
                   "51ee7c9f64d2bbe9dcbb58c278e8fbfd4d0ca5e2"}},
       {exometer,".*",
                 {git,"git://github.com/Feuerlabs/exometer.git",
                      "fd9b9a41812cb087385643c650b5749dd2b80875"}},
       {riak_core,".*",
                  {git,"git://github.com/basho/riak_core.git",
                       "a2bcfb71ed56b9ee4fea34784ace17315bf0600c"}},
       {riak_pipe,".*",
                  {git,"git://github.com/basho/riak_pipe.git",
                       "d269470e383052c31add956904afa6e3c301f1db"}},
       {protobuffs,".*",
                   {git,"git://github.com/basho/erlang_protobuffs.git",
                        "5257dfe4e000b58487af89b849c7336ffa9bae82"}},
       {riak_pb,".*",
                {git,"git://github.com/basho/riak_pb.git",
                     "fc18a9b37170431f659e08d66ed78e3f6bbc47ca"}},
       {mochiweb,".*",
                 {git,"git://github.com/basho/mochiweb.git",
                      "5e6e3e688dc9987a97e261431256e29671555c0b"}},
       {ibrowse,".*",
                {git,"git://github.com/cmullaparthi/ibrowse.git",
                     "9b8b042fb7d37b90994ef6b6615c92dd2769328e"}},
       {webmachine,".*",
                   {git,"git://github.com/basho/webmachine.git",
                        "e5f82336bb7a4552dd33e02bf8f66e67547f13be"}},
       {riak_api,".*",
                 {git,"git://github.com/basho/riak_api.git",
                      "9b01d7b5dff1a1501d3c34fcf42d43999e3af33d"}},
       {riak_dt,".*",
                {git,"git://github.com/basho/riak_dt.git",
                     "c06820d95d2ee88dfc4db6c459d2f3739c204ed2"}},
       {eunit_formatters,".*",
                         {git,"git://github.com/seancribbs/eunit_formatters",
                              "96b6ced4d45ba641cbf2c8a8ae9b350dd300bc10"}},
       {riak_kv,".*",
                {git,"git://github.com/basho/riak_kv.git",
                     "b5b4e60ac7372326ef2dd6c1a468037d93e75f6a"}},
       {merge_index,".*",
                    {git,"git://github.com/basho/merge_index.git",
                         "b701dde5c28956c3b629411e5ff7e50cbb5cb4b3"}},
       {riak_search,".*",
                    {git,"git://github.com/basho/riak_search.git",
                         "a37bcd35734e59f69086b11489da77977f37f519"}},
       {riak_snmp,".*",
                  {git,"git@github.com:/basho/riak_snmp.git",
                       "0d88639f5bb3303ed25cd54db30b0c38499accc2"}},
       {riak_jmx,".*",
                 {git,"git@github.com:/basho/riak_jmx.git",
                      "c676607c7c342868628d1becb31e9db27eb53a26"}},
       {ranch,".*",
              {git,"git://github.com/basho/ranch.git",
                   "3f70e09efe992bbe1989d40812eded936cd2a0e1"}},
       {ebloom,".*",
               {git,"git://github.com/basho/ebloom.git",
                    "0b615927ecc04b3de0e4e35389431aed64498acb"}},
       {riak_repl_pb_api,".*",
                         {git,"git@github.com:basho/riak_repl_pb_api.git",
                              "7ba57037247707fe9b6d16dd179ab573efa5d862"}},
       {riak_repl,".*",
                  {git,"git@github.com:/basho/riak_repl.git",
                       "cbd62cfe99fc39055ca343a55552daf6ce69f7be"}},
       {erlydtl,".*",
                {git,"git://github.com/evanmiller/erlydtl.git",
                     "d20b53f04837a1053ed18987f645cb60eae82453"}},
       {riak_control,".*",
                     {git,"git://github.com/basho/riak_control.git",
                          "adc50dcd5aed26ecb0a19b3c5c3bfc9d28c663b7"}},
       {riaknostic,".*",
                   {git,"git://github.com/basho/riaknostic.git",
                        "4e7daa5c27cc6bd8cfb4a1c5f19a6e8ac2a8e344"}},
       {kvc,".*",
            {git,"git://github.com/etrepum/kvc.git",
                 "75c4e76468cb2bd03067a9c349989ee914a1b581"}},
       {yokozuna,".*",
                 {git,"git://github.com/basho/yokozuna.git",
                      "cfcf77dd5fee3b68b9cb1dd8446e0b280fae6215"}},
       {canola,".*",
               {git,"git://github.com/basho/canola.git",
                    "9bdfee88fce20b3a01b7003696b53eb21913d6fb"}},
       {riak_auth_mods,".*",
                       {git,"git://github.com/basho/riak_auth_mods.git",
                            "9ae39fe562fd61a14f3406247a5fda1b2a806576"}},
       {rebar_lock_deps_plugin,".*",
                               {git,"git://github.com/seth/rebar_lock_deps_plugin.git",
                                    "9711549b8a84b065eb2edc22f8eb6ff85e3c94e8"}}]}.
{plugins,[rebar_lock_deps_plugin]}.

