{"1.1.0",
[{<<"basho_stats">>,
  {git,"git://github.com/basho/basho_stats.git",
       {ref,"176dee0537b5b3aff57646a7379d435ad990488e"}},
  2},
 {<<"bear">>,{pkg,<<"bear">>,<<"0.8.7">>},4},
 {<<"bitcask">>,
  {git,"git://github.com/basho/bitcask.git",
       {ref,"1bb4c98d0285fe6caa76b89d51c50f4e504d2554"}},
  1},
 {<<"canola">>,
  {git,"git://github.com/basho/canola.git",
       {ref,"2cd39378442f3dc727de22289243b3c4d56f25fd"}},
  1},
 {<<"clique">>,
  {git,"git://github.com/basho/clique.git",
       {ref,"dc282124f4371f5d0bb8514aea9d033d98d83dd3"}},
  2},
 {<<"cluster_info">>,
  {git,"git://github.com/basho/cluster_info.git",
       {ref,"18ed572102055626c1597339015d6501989df287"}},
  0},
 {<<"cluster_metadata">>,
  {git,"https://github.com/bet365/cluster_metadata.git",
       {ref,"5c09cc24bc727f57c985c96cebe602bd61f0b56d"}},
  2},
 {<<"cuttlefish">>,
  {git,"https://github.com/basho/cuttlefish.git",
       {ref,"1b4381e5f682d88a2f20ddb8511ff35098c40ea5"}},
  3},
 {<<"dvvset">>,
  {git,"git://github.com/ricardobcl/dotted-version-vectors.git",
       {ref,"27fd1225c10a7dc4890e5e55abddf6db2392f6cc"}},
  3},
 {<<"ebloom">>,
  {git,"git://github.com/basho/ebloom.git",
       {ref,"3c25f9ef61a73d5f1d2c2601da464dd03975721d"}},
  1},
 {<<"eleveldb">>,
  {git,"git://github.com/basho/eleveldb.git",
       {ref,"5ca7491c947d24c764eb0a359370e83dcc0bb021"}},
  2},
 {<<"eunit_formatters">>,
  {git,"git://github.com/seancribbs/eunit_formatters",
       {ref,"473e0cd89bf5608e97886a3bdf9047a16edc88f0"}},
  1},
 {<<"folsom">>,{pkg,<<"folsom">>,<<"0.8.8">>},3},
 {<<"fuse">>,
  {git,"https://github.com/jlouis/fuse.git",
       {ref,"21c6e52ced3af294f2fe636039106068da12eeeb"}},
  1},
 {<<"gen_fsm_compat">>,{pkg,<<"gen_fsm_compat">>,<<"0.3.0">>},1},
 {<<"getopt">>,
  {git,"https://github.com/basho/getopt.git",
       {ref,"880030ff0cbecb73ba75a78a7aa0cc1dcb7fe331"}},
  4},
 {<<"goldrush">>,{pkg,<<"goldrush">>,<<"0.1.9">>},2},
 {<<"hashtree">>,
  {git,"git://github.com/martincox/hashtree.git",
       {ref,"267974bc81e7bcb0287038cd9accc61d4079d108"}},
  3},
 {<<"hut">>,{pkg,<<"hut">>,<<"1.3.0">>},3},
 {<<"hyper">>,
  {git,"git://github.com/basho/hyper",
       {ref,"d0bf3d67fd17b8ed2610b266aebd54b1027ea916"}},
  1},
 {<<"ibrowse">>,
  {git,"git://github.com/cmullaparthi/ibrowse.git",
       {ref,"7529807170cf3c8f6a8c5c95526e670420ff591b"}},
  1},
 {<<"kv_index_tictactree">>,
  {git,"https://github.com/martinsumner/kv_index_tictactree.git",
       {ref,"9c667cf656856877da9d9b84da120490d8196ae7"}},
  1},
 {<<"kvc">>,
  {git,"git://github.com/etrepum/kvc.git",
       {ref,"5565fe51857747662410cc3c06362ebcf48a2f04"}},
  1},
 {<<"lager">>,
  {git,"git://github.com/erlang-lager/lager.git",
       {ref,"22e62f28e5afabe90a6f31bcde367a2b5799fc94"}},
  1},
 {<<"lager_syslog">>,
  {git,"git://github.com/basho/lager_syslog.git",
       {ref,"5c90466b25e5947020b09547e38439167e88363c"}},
  0},
 {<<"leveled">>,
  {git,"https://github.com/martinsumner/leveled.git",
       {ref,"4d550ef2a1a2b7ff6f6dd2dc28e3b1aed44cf21d"}},
  1},
 {<<"lz4">>,
  {git,"https://github.com/szktty/erlang-lz4",
       {ref,"6bc5efe93bab327788bcde24374f16044b549dd8"}},
  2},
 {<<"mochiweb">>,
  {git,"git://github.com/martinsumner/mochiweb.git",
       {ref,"1c1d621632ce924b82bc733697d4115af91fc30f"}},
  2},
 {<<"parse_trans">>,{pkg,<<"parse_trans">>,<<"3.3.0">>},3},
 {<<"pbkdf2">>,
  {git,"git://github.com/basho/erlang-pbkdf2.git",
       {ref,"34b5f716fa3ec89ede36d009f7cc8c47bd019dd7"}},
  2},
 {<<"poolboy">>,
  {git,"https://github.com/Kyorai/poolboy.git",
       {ref,"58ae8431dcf9cc69045d618417e5e6e74c7e8dde"}},
  2},
 {<<"ranch">>,
  {git,"git://github.com/ninenines/ranch.git",
       {ref,"d0fad24657711cf584da61b5163c29fdafbd9201"}},
  1},
 {<<"recon">>,
  {git,"https://github.com/ferd/recon",
       {ref,"75d70c7c08926d2f24f1ee6de14ee50fe8a52763"}},
  1},
 {<<"redbug">>,
  {git,"https://github.com/massemanet/redbug",
       {ref,"c583d4567d1e2b8a540593ad0512559798d42565"}},
  1},
 {<<"riak_auth_mods">>,
  {git,"git://github.com/basho/riak_auth_mods.git",
       {ref,"a991fd05929237413a641b60fc826412f98e099e"}},
  0},
 {<<"riak_dt">>,
  {git,"git://github.com/basho/riak_dt.git",
       {ref,"cdf8cbf3009b7ecb4d659c1576a466cbefe47f55"}},
  1},
 {<<"riak_ensemble">>,
  {git,"https://github.com/basho/riak_ensemble",
       {ref,"495833f7a79bb43e288a2a36c9acddfd27e8d90f"}},
  2},
 {<<"riak_pb">>,
  {git,"git://github.com/basho/riak_pb.git",
       {ref,"55fab3a2642edf2293228d5a43748a0fc3c8e554"}},
  1},
 {<<"riak_repl_pb_api">>,
  {git,"git://github.com/basho/riak_repl_pb_api.git",
       {ref,"6c9ce4abd1170ea77c2267addc18e0c5ad72bb1e"}},
  1},
 {<<"riak_sysmon">>,{pkg,<<"riak_sysmon">>,<<"2.1.7">>},2},
 {<<"riakc">>,
  {git,"git://github.com/basho/riak-erlang-client",
       {ref,"302974b5e442ba6f01a89f81e6b393809200e5e4"}},
  1},
 {<<"setup">>,{pkg,<<"setup">>,<<"2.0.2">>},3},
 {<<"sext">>,
  {git,"git://github.com/uwiger/sext.git",
       {ref,"615eebcf975ec4b4561c6f2b2bc433dabdb2be0f"}},
  1},
 {<<"sidejob">>,
  {git,"git://github.com/basho/sidejob.git",
       {ref,"07dedd9b2043c9c6fd03b78fe8699f0f37418743"}},
  1},
 {<<"syslog">>,
  {git,"git://github.com/Vagabond/erlang-syslog",
       {ref,"4a6c6f2c996483e86c1320e9553f91d337bcb6aa"}},
  1},
 {<<"webmachine">>,
  {git,"git://github.com/webmachine/webmachine.git",
       {ref,"92225b82fc702f78cf9d23248023ec841272df80"}},
  2},
 {<<"yokozuna">>,
  {git,"git://github.com/basho/yokozuna.git",
       {ref,"02d09d260f74eaa3c86256e822633509dcdfc1ee"}},
  0}]}.
[
{pkg_hash,[
 {<<"bear">>, <<"16264309AE5D005D03718A5C82641FCC259C9E8F09ADEB6FD79CA4271168656F">>},
 {<<"folsom">>, <<"9A2B02010F6727CB1948EF34E21CB66F3554B63355C3A31E8BCB10FB172C3170">>},
 {<<"gen_fsm_compat">>, <<"5903549F67D595F58A7101154CBE0FDD46955FBFBE40813F1E53C23A970FF5F4">>},
 {<<"goldrush">>, <<"F06E5D5F1277DA5C413E84D5A2924174182FB108DABB39D5EC548B27424CD106">>},
 {<<"hut">>, <<"71F2F054E657C03F959CF1ACC43F436EA87580696528CA2A55C8AFB1B06C85E7">>},
 {<<"parse_trans">>, <<"09765507A3C7590A784615CFD421D101AEC25098D50B89D7AA1D66646BC571C1">>},
 {<<"riak_sysmon">>, <<"AF420DF0F7569E1F12BCD465745164CB6189EB93F118D5CDB3F90FEB3F8BF47D">>},
 {<<"setup">>, <<"1203F4CDA11306C2E34434244576DED0A7BBFB0908D9A572356C809BD0CDF085">>}]}
].
