{"1.2.0",
[{<<"basho_stats">>,
  {git,"https://github.com/basho/basho_stats.git",
       {ref,"de9bf015a86028149ee82682160f3c8d5e98c755"}},
  2},
 {<<"bear">>,{pkg,<<"bear">>,<<"1.0.0">>},4},
 {<<"bitcask">>,
  {git,"https://github.com/basho/bitcask.git",
       {ref,"245135e5cd3dddfa7261a10ab0f765b27122551a"}},
  1},
 {<<"canola">>,
  {git,"https://github.com/basho/canola",
       {ref,"2cd39378442f3dc727de22289243b3c4d56f25fd"}},
  1},
 {<<"clique">>,
  {git,"https://github.com/basho/clique.git",
       {ref,"fdd3a56ac363294cf277096fdea086114a6f65b4"}},
  2},
 {<<"cluster_info">>,
  {git,"https://github.com/basho/cluster_info",
       {ref,"013f7046fbab76e9eb06bdf27f5b62562b54f280"}},
  0},
 {<<"cuttlefish">>,
  {git,"https://github.com/kyorai/cuttlefish.git",
       {ref,"7afaad94e372da0252b0e0c066e8b585272968e4"}},
  3},
 {<<"ebloom">>,
  {git,"https://github.com/basho/ebloom.git",
       {ref,"3c25f9ef61a73d5f1d2c2601da464dd03975721d"}},
  1},
 {<<"eleveldb">>,
  {git,"https://github.com/basho/eleveldb.git",
       {ref,"11987bf4d3b8483dd4a5a7b5ad2aa1714b91cb58"}},
  2},
 {<<"exometer_core">>,
  {git,"https://github.com/Feuerlabs/exometer_core.git",
       {ref,"66c287e24ceff337f622e3f58e0b4a3ab9ced0f0"}},
  2},
 {<<"folsom">>,{pkg,<<"folsom">>,<<"1.0.0">>},3},
 {<<"getopt">>,{pkg,<<"getopt">>,<<"1.0.2">>},4},
 {<<"hut">>,{pkg,<<"hut">>,<<"1.3.0">>},3},
 {<<"hyper">>,
  {git,"https://github.com/basho/hyper",
       {ref,"d0bf3d67fd17b8ed2610b266aebd54b1027ea916"}},
  1},
 {<<"ibrowse">>,
  {git,"https://github.com/basho/ibrowse.git",
       {ref,"cdde6fe5e80ce71e7b5570e40a45d9f862721499"}},
  2},
 {<<"kv_index_tictactree">>,
  {git,"https://github.com/martinsumner/kv_index_tictactree.git",
       {ref,"a4bc2ec93e2ac1ff58384081ae1bfa495520f4e3"}},
  1},
 {<<"leveled">>,
  {git,"https://github.com/martinsumner/leveled",
       {ref,"28d3701f6e11c59b4787252e73fc04f575b5f779"}},
  2},
 {<<"lz4">>,
  {git,"https://github.com/martinsumner/erlang-lz4",
       {ref,"d407af5de71303b8e381df718d2e5d05eb775c59"}},
  3},
 {<<"mochiweb">>,
  {git,"https://github.com/basho/mochiweb.git",
       {ref,"dc176b129d266949d3fe62bac19a4af2b133705f"}},
  2},
 {<<"parse_trans">>,{pkg,<<"parse_trans">>,<<"3.4.1">>},3},
 {<<"pbkdf2">>,
  {git,"https://github.com/basho/erlang-pbkdf2.git",
       {ref,"07d77f327afc97acda1a9fcc1f8a8843dfefa652"}},
  2},
 {<<"poolboy">>,
  {git,"https://github.com/basho/poolboy.git",
       {ref,"032ea3186fda78b4913deb8932af318ebb9b1258"}},
  2},
 {<<"ranch">>,
  {git,"https://github.com/ninenines/ranch.git",
       {ref,"a692f44567034dacf5efcaa24a24183788594eb7"}},
  1},
 {<<"recon">>,
  {git,"https://github.com/ferd/recon",
       {ref,"34194da6d9f8ed25f274e0ebb098dc9e95bcf547"}},
  1},
 {<<"redbug">>,
  {git,"https://github.com/shiguredo/redbug",
       {ref,"4af95a5f6293025af949e7bedf44c98d83ff30cf"}},
  1},
 {<<"rhc">>,
  {git,"https://github.com/basho/riak-erlang-http-client",
       {ref,"7c5817003645b94f3361b7971f6caa4ba2e21965"}},
  1},
 {<<"riak_api">>,
  {git,"https://github.com/basho/riak_api.git",
       {ref,"27082ff54fbb1a32c6013489123f603e74c24cf6"}},
  1},
 {<<"riak_auth_mods">>,
  {git,"https://github.com/basho/riak_auth_mods",
       {ref,"0945ef146a57f53801e0eea987231f4a6aa57be3"}},
  0},
 {<<"riak_core">>,
  {git,"https://github.com/basho/riak_core.git",
       {ref,"abbcca3cfb7da10798d8fc169043955638d4d9db"}},
  1},
 {<<"riak_dt">>,
  {git,"https://github.com/basho/riak_dt.git",
       {ref,"d62c12bd9ca6be29b805ca6afc63195d5af8eb83"}},
  1},
 {<<"riak_ensemble">>,
  {git,"https://github.com/basho/riak_ensemble",
       {ref,"0c256be25822959baaaf75dadb4948bd67c391dd"}},
  2},
 {<<"riak_kv">>,
  {git,"https://github.com/basho/riak_kv",
       {ref,"a632efeb773282b2c203e587dff2956eb6f34457"}},
  0},
 {<<"riak_pb">>,
  {git,"https://github.com/basho/riak_pb.git",
       {ref,"6d0fe7d7d4444143a71f5161baa95358ceea94cf"}},
  2},
 {<<"riak_pipe">>,
  {git,"https://github.com/basho/riak_pipe.git",
       {ref,"c4aebc8c05da36c5928b0de25c56e8e3265dff64"}},
  1},
 {<<"riak_repl">>,
  {git,"https://github.com/basho/riak_repl",
       {ref,"3c932a839d6ab6ae7595868647fbfa7f14ab037b"}},
  0},
 {<<"riak_sysmon">>,
  {git,"https://github.com/basho/riak_sysmon.git",
       {ref,"cca4f1af8980307ebd01dced23510d93bc6d7c3f"}},
  2},
 {<<"riakc">>,
  {git,"https://github.com/basho/riak-erlang-client",
       {ref,"4707b09c79d8ed25a9fd53911bd085106c2e8e44"}},
  2},
 {<<"setup">>,{pkg,<<"setup">>,<<"2.1.0">>},3},
 {<<"sext">>,
  {git,"https://github.com/uwiger/sext.git",
       {ref,"c1d93beae5a2d9448a520c31adcb0053c76ef4df"}},
  1},
 {<<"sidejob">>,
  {git,"https://github.com/basho/sidejob.git",
       {ref,"4d233d47aa86a8ff4c58565262d3c0fa2f53f1aa"}},
  1},
 {<<"syslogger">>,
  {git,"https://github.com/basho/syslogger",
       {ref,"10b7aaa556b81806e4f82d546a1fbd29543f474b"}},
  0},
 {<<"webmachine">>,
  {git,"https://github.com/webmachine/webmachine.git",
       {ref,"92225b82fc702f78cf9d23248023ec841272df80"}},
  2}]}.
[
{pkg_hash,[
 {<<"bear">>, <<"430419C1126B477686CDE843E88BA0F2C7DC5CDF0881C677500074F704339A99">>},
 {<<"folsom">>, <<"50ECC998D2149939F1D5E0AA3E32788F8ED16A58E390D81B5C0BE4CC4EF25589">>},
 {<<"getopt">>, <<"33D9B44289FE7AD08627DDFE1D798E30B2DA0033B51DA1B3A2D64E72CD581D02">>},
 {<<"hut">>, <<"71F2F054E657C03F959CF1ACC43F436EA87580696528CA2A55C8AFB1B06C85E7">>},
 {<<"parse_trans">>, <<"6E6AA8167CB44CC8F39441D05193BE6E6F4E7C2946CB2759F015F8C56B76E5FF">>},
 {<<"setup">>, <<"05F69185A5EB71474C9BC6BA892565651EC7507791F85632B7B914DBFE130510">>}]},
{pkg_hash_ext,[
 {<<"bear">>, <<"157B67901ADF84FF0DA6EAE035CA1292A0AC18AA55148154D8C582B2C68959DB">>},
 {<<"folsom">>, <<"DD6AB97278E94F9E4CFC43E188224A7B8C7EAEC0DD2E935007005177F3EEBB0E">>},
 {<<"getopt">>, <<"A0029AEA4322FB82A61F6876A6D9C66DC9878B6CB61FAA13DF3187384FD4EA26">>},
 {<<"hut">>, <<"7E15D28555D8A1F2B5A3A931EC120AF0753E4853A4C66053DB354F35BF9AB563">>},
 {<<"parse_trans">>, <<"620A406CE75DADA827B82E453C19CF06776BE266F5A67CFF34E1EF2CBB60E49A">>},
 {<<"setup">>, <<"EFD072578F0CF85BEA96CAAFFC7ADB0992398272522660A136E10567377071C5">>}]}
].
