{"1.1.0",
[{<<"basho_stats">>,
  {git,"git://github.com/basho/basho_stats.git",
       {ref,"176dee0537b5b3aff57646a7379d435ad990488e"}},
  2},
 {<<"bear">>,{pkg,<<"bear">>,<<"0.8.7">>},4},
 {<<"bitcask">>,
  {git,"git://github.com/basho/bitcask.git",
       {ref,"9184f763b135f9ff5061fa3ce1892cefa54cfe3a"}},
  1},
 {<<"canola">>,
  {git,"git://github.com/basho/canola.git",
       {ref,"2cd39378442f3dc727de22289243b3c4d56f25fd"}},
  1},
 {<<"clique">>,
  {git,"git://github.com/basho/clique.git",
       {ref,"dc282124f4371f5d0bb8514aea9d033d98d83dd3"}},
  2},
 {<<"cluster_info">>,
  {git,"git://github.com/basho/cluster_info.git",
       {ref,"18ed572102055626c1597339015d6501989df287"}},
  0},
 {<<"cuttlefish">>,
  {git,"https://github.com/basho/cuttlefish.git",
       {ref,"1b4381e5f682d88a2f20ddb8511ff35098c40ea5"}},
  3},
 {<<"ebloom">>,
  {git,"git://github.com/basho/ebloom.git",
       {ref,"3c25f9ef61a73d5f1d2c2601da464dd03975721d"}},
  1},
 {<<"eleveldb">>,
  {git,"git://github.com/basho/eleveldb.git",
       {ref,"5ca7491c947d24c764eb0a359370e83dcc0bb021"}},
  2},
 {<<"exometer_core">>,{pkg,<<"exometer_core">>,<<"1.5.7">>},2},
 {<<"folsom">>,{pkg,<<"folsom">>,<<"0.8.7">>},3},
 {<<"fuse">>,
  {git,"https://github.com/jlouis/fuse.git",
       {ref,"21c6e52ced3af294f2fe636039106068da12eeeb"}},
  1},
 {<<"gen_fsm_compat">>,{pkg,<<"gen_fsm_compat">>,<<"0.3.0">>},1},
 {<<"getopt">>,
  {git,"https://github.com/basho/getopt.git",
       {ref,"880030ff0cbecb73ba75a78a7aa0cc1dcb7fe331"}},
  4},
 {<<"goldrush">>,{pkg,<<"goldrush">>,<<"0.1.9">>},2},
 {<<"hut">>,{pkg,<<"hut">>,<<"1.2.1">>},3},
 {<<"hyper">>,
  {git,"git://github.com/basho/hyper",
       {ref,"d0bf3d67fd17b8ed2610b266aebd54b1027ea916"}},
  1},
 {<<"ibrowse">>,
  {git,"git://github.com/basho/ibrowse.git",
       {ref,"893864e25573b4ccd31a82b9412639751733ba40"}},
  1},
 {<<"kv_index_tictactree">>,
  {git,"https://github.com/martinsumner/kv_index_tictactree.git",
       {ref,"b2423eaf11493eb51fc8089a843f8c24d951404b"}},
  1},
 {<<"kvc">>,
  {git,"git://github.com/etrepum/kvc.git",
       {ref,"5565fe51857747662410cc3c06362ebcf48a2f04"}},
  1},
 {<<"lager">>,
  {git,"git://github.com/erlang-lager/lager.git",
       {ref,"22e62f28e5afabe90a6f31bcde367a2b5799fc94"}},
  1},
 {<<"lager_syslog">>,
  {git,"git://github.com/basho/lager_syslog.git",
       {ref,"5c90466b25e5947020b09547e38439167e88363c"}},
  0},
 {<<"leveled">>,
  {git,"https://github.com/martinsumner/leveled.git",
       {ref,"432fe71bf09987f52fc407a776c23e8eca802451"}},
  1},
 {<<"lz4">>,
  {git,"https://github.com/szktty/erlang-lz4",
       {ref,"6bc5efe93bab327788bcde24374f16044b549dd8"}},
  2},
 {<<"mochiweb">>,
  {git,"git://github.com/martinsumner/mochiweb.git",
       {ref,"1c1d621632ce924b82bc733697d4115af91fc30f"}},
  2},
 {<<"parse_trans">>,{pkg,<<"parse_trans">>,<<"3.3.0">>},3},
 {<<"pbkdf2">>,
  {git,"git://github.com/basho/erlang-pbkdf2.git",
       {ref,"34b5f716fa3ec89ede36d009f7cc8c47bd019dd7"}},
  2},
 {<<"poolboy">>,
  {git,"https://github.com/Kyorai/poolboy.git",
       {ref,"58ae8431dcf9cc69045d618417e5e6e74c7e8dde"}},
  2},
 {<<"ranch">>,
  {git,"git://github.com/ninenines/ranch.git",
       {ref,"d0fad24657711cf584da61b5163c29fdafbd9201"}},
  1},
 {<<"recon">>,
  {git,"https://github.com/ferd/recon",
       {ref,"75d70c7c08926d2f24f1ee6de14ee50fe8a52763"}},
  1},
 {<<"redbug">>,
  {git,"https://github.com/massemanet/redbug",
       {ref,"c583d4567d1e2b8a540593ad0512559798d42565"}},
  1},
 {<<"riak_api">>,
  {git,"git://github.com/basho/riak_api.git",
       {ref,"ada7e27a43ef3e98790df7b607f6dd0f0e4f13df"}},
  1},
 {<<"riak_auth_mods">>,
  {git,"git://github.com/basho/riak_auth_mods.git",
       {ref,"a991fd05929237413a641b60fc826412f98e099e"}},
  0},
 {<<"riak_core">>,
  {git,"git://github.com/basho/riak_core.git",
       {ref,"b726b0b4c5bbef1a20b95d551d3e32f6dc8741b5"}},
  1},
 {<<"riak_dt">>,
  {git,"git://github.com/basho/riak_dt.git",
       {ref,"cdf8cbf3009b7ecb4d659c1576a466cbefe47f55"}},
  1},
 {<<"riak_ensemble">>,
  {git,"https://github.com/basho/riak_ensemble",
       {ref,"495833f7a79bb43e288a2a36c9acddfd27e8d90f"}},
  2},
 {<<"riak_kv">>,
  {git,"git://github.com/basho/riak_kv.git",
       {ref,"56cb3a1737c373fe4b09ca03681f36e56928a034"}},
  0},
 {<<"riak_pb">>,
  {git,"git://github.com/basho/riak_pb.git",
       {ref,"55fab3a2642edf2293228d5a43748a0fc3c8e554"}},
  1},
 {<<"riak_pipe">>,
  {git,"git://github.com/basho/riak_pipe.git",
       {ref,"98944cb1b83fa83ab6011e3958252061f48e2172"}},
  1},
 {<<"riak_repl">>,
  {git,"git://github.com/basho/riak_repl.git",
       {ref,"8fcc415e89e867ee85a79949869b2497172360a4"}},
  0},
 {<<"riak_sysmon">>,{pkg,<<"riak_sysmon">>,<<"2.1.7">>},2},
 {<<"riakc">>,
  {git,"git://github.com/basho/riak-erlang-client",
       {ref,"28b1349d2b9e0cf855baf8142a44815c116f39ad"}},
  1},
 {<<"setup">>,{pkg,<<"setup">>,<<"2.0.2">>},3},
 {<<"sext">>,
  {git,"git://github.com/uwiger/sext.git",
       {ref,"615eebcf975ec4b4561c6f2b2bc433dabdb2be0f"}},
  1},
 {<<"sidejob">>,
  {git,"git://github.com/basho/sidejob.git",
       {ref,"07dedd9b2043c9c6fd03b78fe8699f0f37418743"}},
  1},
 {<<"syslog">>,
  {git,"git://github.com/Vagabond/erlang-syslog",
       {ref,"4a6c6f2c996483e86c1320e9553f91d337bcb6aa"}},
  1},
 {<<"webmachine">>,
  {git,"git://github.com/webmachine/webmachine.git",
       {ref,"92225b82fc702f78cf9d23248023ec841272df80"}},
  2},
 {<<"yokozuna">>,
  {git,"git://github.com/basho/yokozuna.git",
       {ref,"328265b5beff5e65f5353cd708e3b6b4cc8363cd"}},
  0}]}.
[
{pkg_hash,[
 {<<"bear">>, <<"16264309AE5D005D03718A5C82641FCC259C9E8F09ADEB6FD79CA4271168656F">>},
 {<<"exometer_core">>, <<"AB97E34A5D69AB14E6AE161DB4CCA5B5E655E635B842F830EE6AB2CBFCFDC30A">>},
 {<<"folsom">>, <<"A885F0AEEE4C84270954C88A55A5A473D6B2C7493E32FFDC5765412DD555A951">>},
 {<<"gen_fsm_compat">>, <<"5903549F67D595F58A7101154CBE0FDD46955FBFBE40813F1E53C23A970FF5F4">>},
 {<<"goldrush">>, <<"F06E5D5F1277DA5C413E84D5A2924174182FB108DABB39D5EC548B27424CD106">>},
 {<<"hut">>, <<"08D46679523043424870723923971889E8A34D63B2F946A35B46CF921D1236E7">>},
 {<<"parse_trans">>, <<"09765507A3C7590A784615CFD421D101AEC25098D50B89D7AA1D66646BC571C1">>},
 {<<"riak_sysmon">>, <<"AF420DF0F7569E1F12BCD465745164CB6189EB93F118D5CDB3F90FEB3F8BF47D">>},
 {<<"setup">>, <<"1203F4CDA11306C2E34434244576DED0A7BBFB0908D9A572356C809BD0CDF085">>}]}
].
