%% THIS FILE IS GENERATED. DO NOT EDIT IT MANUALLY %%

{sub_dirs,["rel","apps/riak"]}.
{require_otp_vsn,"R14B0[234]|R15|R16"}.
{cover_enabled,true}.
{lib_dirs,["apps/riak"]}.
{erl_opts,[debug_info,fail_on_warning]}.
{eunit_opts,[verbose]}.
{erlydtl_opts,[{compiler_options,[report,return,debug_info]}]}.
{deps,[{node_package,".*",
                     {git,"git://github.com/basho/node_package.git",
                          "7c943370a858979be74ca04aaf6d58898c6cafb9"}},
       {goldrush,".*",
                 {git,"git://github.com/DeadZen/goldrush.git",
                      "71e63212f12c25827e0c1b4198d37d5d018a7fec"}},
       {lager,".*",
              {git,"git://github.com/basho/lager.git",
                   "b6b6cebcb27ccff8acc59ae775acebc2f52e4926"}},
       {syslog,".*",
               {git,"git://github.com/Vagabond/erlang-syslog.git",
                    "918c9b453e0811b24f2c99b35b712b0ef9f29c7e"}},
       {lager_syslog,".*",
                     {git,"git://github.com/basho/lager_syslog.git",
                          "fa2e7e3daee0d0a59dadb820fd3381eac4a65770"}},
       {cluster_info,".*",
                     {git,"git://github.com/basho/cluster_info.git",
                          "6cfb2e9ff851cc0e9270ce3e4a97dc511264e1f6"}},
       {sidejob,".*",
                {git,"git://github.com/basho/sidejob.git",
                     "415c0869a71dfd3f847980e63136b65585ac8e4e"}},
       {erlang_js,".*",
                  {git,"git://github.com/basho/erlang_js.git",
                       "2c09647a21df5226ec43e5bc1046c5284a4724a3"}},
       {meck,".*",
             {git,"git://github.com/basho/meck.git",
                  "2b25a30a8688f94106d07f23a9f1fb523ac00f08"}},
       {getopt,".*",
               {git,"git://github.com/jcomellas/getopt.git",
                    "659a28f4145bc9843598972854299dc4ea77e4cb"}},
       {neotoma,".*",
                {git,"git://github.com/seancribbs/neotoma.git",
                     "760928ec8870da02eb11bccb501e2700925d06c6"}},
       {cuttlefish,".*",
                   {git,"git://github.com/basho/cuttlefish.git",
                        "4416e38a892077248b93cc623ad00db3f222a899"}},
       {bitcask,".*",
                {git,"git://github.com/basho/bitcask.git",
                     "f40fb009f4dcf4733dd3a9b9c1f66b2b8937619c"}},
       {eper,".*",
             {git,"git://github.com/basho/eper.git",
                  "0e6d5b6dc7be9047ee7356e6e87d8716f8028db9"}},
       {edown,".*",
              {git,"git://github.com/esl/edown.git",
                   "4cb4ad67382590d92228ea6c56225376bd9f5685"}},
       {sext,".*",
             {git,"git://github.com/basho/sext.git",
                  "0f7c45f0f65f24541a5941d2df9924b8e1b55f37"}},
       {poolboy,".*",
                {git,"git://github.com/basho/poolboy.git",
                     "82511c5e9949f10a5520c37b00c225445ba9a701"}},
       {basho_stats,".*",
                    {git,"git://github.com/basho/basho_stats.git",
                         "19c532af235ae675439d491b329c55c2f9b02deb"}},
       {riak_sysmon,".*",
                    {git,"git://github.com/basho/riak_sysmon.git",
                         "973fbef22760332a8866de64d6f7ad3654b38375"}},
       {bear,".*",
             {git,"git://github.com/basho/bear.git",
                  "da820a13c607c3f816ee8b83c587266da5389761"}},
       {folsom,".*",
               {git,"git://github.com/basho/folsom.git",
                    "e80bd013c8ea906c4f14cba38b92e95116415e23"}},
       {riak_ensemble,".*",
                      {git,"git://github.com/basho/riak_ensemble",
                           "45b664f16101ce6a5be963e7c27203725c4d9dd6"}},
       {pbkdf2,".*",
               {git,"git://github.com/basho/erlang-pbkdf2.git",
                    "e6652498003e4ba4d9cae20b154da90e3d2e185d"}},
       {eleveldb,".*",
                 {git,"git://github.com/basho/eleveldb.git",
                      "639f69c96757cc5ddaf2bbacc0ef10a6e405c7bf"}},
       {riak_core,".*",
                  {git,"git://github.com/basho/riak_core.git",
                       "9037f82f70d8fd2f1322c31ad7445f1d4489d77c"}},
       {riak_pipe,".*",
                  {git,"git://github.com/basho/riak_pipe.git",
                       "4ca91c6cb5c8e178248ff57a93d5447f934c1002"}},
       {protobuffs,".*",
                   {git,"git://github.com/basho/erlang_protobuffs.git",
                        "37f9b1c50abd867302b9ff5c3ca59ea157cdf3e5"}},
       {riak_pb,".*",
                {git,"git://github.com/basho/riak_pb.git",
                     "2571713a8ea006540a0b10135ce3616b99d9b7a1"}},
       {mochiweb,".*",
                 {git,"git://github.com/basho/mochiweb.git",
                      "5e6e3e688dc9987a97e261431256e29671555c0b"}},
       {ibrowse,".*",
                {git,"git://github.com/cmullaparthi/ibrowse.git",
                     "9b8b042fb7d37b90994ef6b6615c92dd2769328e"}},
       {webmachine,".*",
                   {git,"git://github.com/basho/webmachine.git",
                        "e5f82336bb7a4552dd33e02bf8f66e67547f13be"}},
       {riak_api,".*",
                 {git,"git://github.com/basho/riak_api.git",
                      "5149e8f2ecf03e39292e8d4fa4bbd70cae33d84f"}},
       {riak_dt,".*",
                {git,"git://github.com/basho/riak_dt.git",
                     "924439b5ede9947d1e5cf427d4f486faa1498c84"}},
       {riak_kv,".*",
                {git,"git://github.com/basho/riak_kv.git",
                     "347597dd1c2092d2738f599b1fa20d8ec7f8b57c"}},
       {merge_index,".*",
                    {git,"git://github.com/basho/merge_index.git",
                         "b701dde5c28956c3b629411e5ff7e50cbb5cb4b3"}},
       {riak_search,".*",
                    {git,"git://github.com/basho/riak_search.git",
                         "a3893df8ea1c204293569a6893c30f66d5e6e28e"}},
       {erlydtl,".*",
                {git,"git://github.com/evanmiller/erlydtl.git",
                     "d20b53f04837a1053ed18987f645cb60eae82453"}},
       {riak_control,".*",
                     {git,"git://github.com/basho/riak_control.git",
                          "c0e9d561a7bcdc58298276c88d7f43e30a31be65"}},
       {riaknostic,".*",
                   {git,"git://github.com/basho/riaknostic.git",
                        "4e7daa5c27cc6bd8cfb4a1c5f19a6e8ac2a8e344"}},
       {kvc,".*",
            {git,"git://github.com/etrepum/kvc.git",
                 "75c4e76468cb2bd03067a9c349989ee914a1b581"}},
       {yokozuna,".*",
                 {git,"git://github.com/basho/yokozuna.git",
                      "8ff41d97432896afdfd8d9e68ffdf1f9954cae08"}},
       {canola,".*",
               {git,"git://github.com/basho/canola.git",
                    "9bdfee88fce20b3a01b7003696b53eb21913d6fb"}},
       {riak_auth_mods,".*",
                       {git,"git://github.com/basho/riak_auth_mods.git",
                            "6ae36b2c3e426e7b0d9fa5bf3a589f8f90c1a810"}},
       {rebar_lock_deps_plugin,".*",
                               {git,"git://github.com/seth/rebar_lock_deps_plugin.git",
                                    "911481ee8a20f59fc9092e370e2b0d116bec19df"}}]}.
{plugins,[rebar_lock_deps_plugin]}.

